{
  "name": "node-server",
  "version": "0.1.1",
  "lockfileVersion": 2,
  "requires": true,
  "packages": {
    "": {
      "name": "node-server",
      "version": "0.1.1",
      "license": "MIT",
      "dependencies": {
        "dayjs": "^1.10.4",
        "joi": "^17.4.0",
        "reflect-metadata": "^0.1.13"
      },
      "devDependencies": {
        "@types/node": "^14.14.31",
        "typescript": "^4.1.5"
      }
    },
    "node_modules/@hapi/hoek": {
      "version": "9.1.1",
      "resolved": "https://registry.npm.taobao.org/@hapi/hoek/download/@hapi/hoek-9.1.1.tgz?cache=0&sync_timestamp=1609087017750&other_urls=https%3A%2F%2Fregistry.npm.taobao.org%2F%40hapi%2Fhoek%2Fdownload%2F%40hapi%2Fhoek-9.1.1.tgz",
      "integrity": "sha1-na9XRRVv2EuOmImi3HIfDFjolKo="
    },
    "node_modules/@hapi/topo": {
      "version": "5.0.0",
      "resolved": "https://registry.npm.taobao.org/@hapi/topo/download/@hapi/topo-5.0.0.tgz",
      "integrity": "sha1-wZr4V3+jk6BunHe2CZWvlZvnIec=",
      "dependencies": {
        "@hapi/hoek": "^9.0.0"
      }
    },
    "node_modules/@sideway/address": {
      "version": "4.1.1",
      "resolved": "https://registry.npm.taobao.org/@sideway/address/download/@sideway/address-4.1.1.tgz",
      "integrity": "sha1-njIedDEJY/347r++4Jx71ply3k0=",
      "dependencies": {
        "@hapi/hoek": "^9.0.0"
      }
    },
    "node_modules/@sideway/formula": {
      "version": "3.0.0",
      "resolved": "https://registry.npm.taobao.org/@sideway/formula/download/@sideway/formula-3.0.0.tgz",
      "integrity": "sha1-/hWK7jLmvV3oUES+YVvAhHigoTw="
    },
    "node_modules/@sideway/pinpoint": {
      "version": "2.0.0",
      "resolved": "https://registry.npm.taobao.org/@sideway/pinpoint/download/@sideway/pinpoint-2.0.0.tgz",
      "integrity": "sha1-z/j/rcNyrSn9P3gneusp5jLMcN8="
    },
    "node_modules/@types/node": {
      "version": "14.14.31",
      "resolved": "https://registry.npm.taobao.org/@types/node/download/@types/node-14.14.31.tgz",
      "integrity": "sha1-cihr0z0TeqDRUtR+x8F2JWPTQFU=",
      "dev": true
    },
    "node_modules/dayjs": {
      "version": "1.10.4",
      "resolved": "https://registry.npm.taobao.org/dayjs/download/dayjs-1.10.4.tgz?cache=0&sync_timestamp=1611309982734&other_urls=https%3A%2F%2Fregistry.npm.taobao.org%2Fdayjs%2Fdownload%2Fdayjs-1.10.4.tgz",
      "integrity": "sha1-jlRKm4aD9heD9XCYCoqA6vVKseI="
    },
    "node_modules/joi": {
      "version": "17.4.0",
      "resolved": "https://registry.npm.taobao.org/joi/download/joi-17.4.0.tgz?cache=0&other_urls=https%3A%2F%2Fregistry.npm.taobao.org%2Fjoi%2Fdownload%2Fjoi-17.4.0.tgz",
      "integrity": "sha1-tcInfIUZ4BYxbkmrq9QaGQjZ7yA=",
      "dependencies": {
        "@hapi/hoek": "^9.0.0",
        "@hapi/topo": "^5.0.0",
        "@sideway/address": "^4.1.0",
        "@sideway/formula": "^3.0.0",
        "@sideway/pinpoint": "^2.0.0"
      }
    },
    "node_modules/reflect-metadata": {
      "version": "0.1.13",
      "resolved": "https://registry.npm.taobao.org/reflect-metadata/download/reflect-metadata-0.1.13.tgz",
      "integrity": "sha1-Z648pXyXKiqhZCsQ/jY/4y1J3Ag="
    },
    "node_modules/typescript": {
      "version": "4.1.5",
      "resolved": "https://registry.npm.taobao.org/typescript/download/typescript-4.1.5.tgz",
      "integrity": "sha1-Ejo7IUqv874ykm8Njx9ucE64mnI=",
      "dev": true,
      "bin": {
        "tsc": "bin/tsc",
        "tsserver": "bin/tsserver"
      },
      "engines": {
        "node": ">=4.2.0"
      }
    }
  },
  "dependencies": {
    "@hapi/hoek": {
      "version": "9.1.1",
      "resolved": "https://registry.npm.taobao.org/@hapi/hoek/download/@hapi/hoek-9.1.1.tgz?cache=0&sync_timestamp=1609087017750&other_urls=https%3A%2F%2Fregistry.npm.taobao.org%2F%40hapi%2Fhoek%2Fdownload%2F%40hapi%2Fhoek-9.1.1.tgz",
      "integrity": "sha1-na9XRRVv2EuOmImi3HIfDFjolKo="
    },
    "@hapi/topo": {
      "version": "5.0.0",
      "resolved": "https://registry.npm.taobao.org/@hapi/topo/download/@hapi/topo-5.0.0.tgz",
      "integrity": "sha1-wZr4V3+jk6BunHe2CZWvlZvnIec=",
      "requires": {
        "@hapi/hoek": "^9.0.0"
      }
    },
    "@sideway/address": {
      "version": "4.1.1",
      "resolved": "https://registry.npm.taobao.org/@sideway/address/download/@sideway/address-4.1.1.tgz",
      "integrity": "sha1-njIedDEJY/347r++4Jx71ply3k0=",
      "requires": {
        "@hapi/hoek": "^9.0.0"
      }
    },
    "@sideway/formula": {
      "version": "3.0.0",
      "resolved": "https://registry.npm.taobao.org/@sideway/formula/download/@sideway/formula-3.0.0.tgz",
      "integrity": "sha1-/hWK7jLmvV3oUES+YVvAhHigoTw="
    },
    "@sideway/pinpoint": {
      "version": "2.0.0",
      "resolved": "https://registry.npm.taobao.org/@sideway/pinpoint/download/@sideway/pinpoint-2.0.0.tgz",
      "integrity": "sha1-z/j/rcNyrSn9P3gneusp5jLMcN8="
    },
    "@types/node": {
      "version": "14.14.31",
      "resolved": "https://registry.npm.taobao.org/@types/node/download/@types/node-14.14.31.tgz",
      "integrity": "sha1-cihr0z0TeqDRUtR+x8F2JWPTQFU=",
      "dev": true
    },
    "dayjs": {
      "version": "1.10.4",
      "resolved": "https://registry.npm.taobao.org/dayjs/download/dayjs-1.10.4.tgz?cache=0&sync_timestamp=1611309982734&other_urls=https%3A%2F%2Fregistry.npm.taobao.org%2Fdayjs%2Fdownload%2Fdayjs-1.10.4.tgz",
      "integrity": "sha1-jlRKm4aD9heD9XCYCoqA6vVKseI="
    },
    "joi": {
      "version": "17.4.0",
      "resolved": "https://registry.npm.taobao.org/joi/download/joi-17.4.0.tgz?cache=0&other_urls=https%3A%2F%2Fregistry.npm.taobao.org%2Fjoi%2Fdownload%2Fjoi-17.4.0.tgz",
      "integrity": "sha1-tcInfIUZ4BYxbkmrq9QaGQjZ7yA=",
      "requires": {
        "@hapi/hoek": "^9.0.0",
        "@hapi/topo": "^5.0.0",
        "@sideway/address": "^4.1.0",
        "@sideway/formula": "^3.0.0",
        "@sideway/pinpoint": "^2.0.0"
      }
    },
    "reflect-metadata": {
      "version": "0.1.13",
      "resolved": "https://registry.npm.taobao.org/reflect-metadata/download/reflect-metadata-0.1.13.tgz",
      "integrity": "sha1-Z648pXyXKiqhZCsQ/jY/4y1J3Ag="
    },
    "typescript": {
      "version": "4.1.5",
      "resolved": "https://registry.npm.taobao.org/typescript/download/typescript-4.1.5.tgz",
      "integrity": "sha1-Ejo7IUqv874ykm8Njx9ucE64mnI=",
      "dev": true
    }
  }
}
